
Microsoft Visual Studio Solution File, Format Version 12.00
# Visual Studio 14
VisualStudioVersion = 14.0.23107.0
MinimumVisualStudioVersion = 10.0.40219.1
Project("{FAE04EC0-301F-11D3-BF4B-00C04F79EFBC}") = "ChatApp", "ChatApp\ChatApp.csproj", "{7575B58E-6ED3-4FC8-B559-A19A461ED8C5}"
EndProject
Project("{FAE04EC0-301F-11D3-BF4B-00C04F79EFBC}") = "DataAccess", "DataAccess\DataAccess.csproj", "{D551B13C-1849-40C2-8607-BAFF0DB25997}"
EndProject
Project("{FAE04EC0-301F-11D3-BF4B-00C04F79EFBC}") = "DomainModel", "DomainModel\DomainModel.csproj", "{D7F73E31-0EAD-4B77-AC67-41483572CADF}"
EndProject
Project("{FAE04EC0-301F-11D3-BF4B-00C04F79EFBC}") = "FrameWork", "FrameWork\FrameWork.csproj", "{1747AA71-066D-4351-99F4-EAFE9587CE1F}"
EndProject
Global
	GlobalSection(SolutionConfigurationPlatforms) = preSolution
		Debug|Any CPU = Debug|Any CPU
		Release|Any CPU = Release|Any CPU
	EndGlobalSection
	GlobalSection(ProjectConfigurationPlatforms) = postSolution
		{7575B58E-6ED3-4FC8-B559-A19A461ED8C5}.Debug|Any CPU.ActiveCfg = Debug|Any CPU
		{7575B58E-6ED3-4FC8-B559-A19A461ED8C5}.Debug|Any CPU.Build.0 = Debug|Any CPU
		{7575B58E-6ED3-4FC8-B559-A19A461ED8C5}.Release|Any CPU.ActiveCfg = Release|Any CPU
		{7575B58E-6ED3-4FC8-B559-A19A461ED8C5}.Release|Any CPU.Build.0 = Release|Any CPU
		{D551B13C-1849-40C2-8607-BAFF0DB25997}.Debug|Any CPU.ActiveCfg = Debug|Any CPU
		{D551B13C-1849-40C2-8607-BAFF0DB25997}.Debug|Any CPU.Build.0 = Debug|Any CPU
		{D551B13C-1849-40C2-8607-BAFF0DB25997}.Release|Any CPU.ActiveCfg = Release|Any CPU
		{D551B13C-1849-40C2-8607-BAFF0DB25997}.Release|Any CPU.Build.0 = Release|Any CPU
		{D7F73E31-0EAD-4B77-AC67-41483572CADF}.Debug|Any CPU.ActiveCfg = Debug|Any CPU
		{D7F73E31-0EAD-4B77-AC67-41483572CADF}.Debug|Any CPU.Build.0 = Debug|Any CPU
		{D7F73E31-0EAD-4B77-AC67-41483572CADF}.Release|Any CPU.ActiveCfg = Release|Any CPU
		{D7F73E31-0EAD-4B77-AC67-41483572CADF}.Release|Any CPU.Build.0 = Release|Any CPU
		{1747AA71-066D-4351-99F4-EAFE9587CE1F}.Debug|Any CPU.ActiveCfg = Debug|Any CPU
		{1747AA71-066D-4351-99F4-EAFE9587CE1F}.Debug|Any CPU.Build.0 = Debug|Any CPU
		{1747AA71-066D-4351-99F4-EAFE9587CE1F}.Release|Any CPU.ActiveCfg = Release|Any CPU
		{1747AA71-066D-4351-99F4-EAFE9587CE1F}.Release|Any CPU.Build.0 = Release|Any CPU
	EndGlobalSection
	GlobalSection(SolutionProperties) = preSolution
		HideSolutionNode = FALSE
	EndGlobalSection
EndGlobal
